
Microsoft Visual Studio Solution File, Format Version 12.00
# Visual Studio Version 17
VisualStudioVersion = 17.0.31919.166
MinimumVisualStudioVersion = 10.0.40219.1
Project("{FAE04EC0-301F-11D3-BF4B-00C04F79EFBC}") = "QuanLyHocSinh", "QuanLyHocSinh\QuanLyHocSinh.csproj", "{36C5DDAE-0EB9-46C3-A16A-8828D7DE09BF}"
EndProject
Global
	GlobalSection(SolutionConfigurationPlatforms) = preSolution
		Debug|Any CPU = Debug|Any CPU
		Release|Any CPU = Release|Any CPU
	EndGlobalSection
	GlobalSection(ProjectConfigurationPlatforms) = postSolution
		{36C5DDAE-0EB9-46C3-A16A-8828D7DE09BF}.Debug|Any CPU.ActiveCfg = Debug|Any CPU
		{36C5DDAE-0EB9-46C3-A16A-8828D7DE09BF}.Debug|Any CPU.Build.0 = Debug|Any CPU
		{36C5DDAE-0EB9-46C3-A16A-8828D7DE09BF}.Release|Any CPU.ActiveCfg = Release|Any CPU
		{36C5DDAE-0EB9-46C3-A16A-8828D7DE09BF}.Release|Any CPU.Build.0 = Release|Any CPU
	EndGlobalSection
	GlobalSection(SolutionProperties) = preSolution
		HideSolutionNode = FALSE
	EndGlobalSection
	GlobalSection(ExtensibilityGlobals) = postSolution
		SolutionGuid = {11914ACC-ABA4-4900-BB5E-0D033CC2A4C9}
	EndGlobalSection
EndGlobal
